// !$*UTF8*$!
{
	archiveVersion = 1;
	classes = {
	};
	objectVersion = 50;
	objects = {

/* Begin PBXBuildFile section */
		4D63E72F23B3E62900D0765F /* JRLPSwizzle.m in Sources */ = {isa = PBXBuildFile; fileRef = 4D63E72A23B3E62900D0765F /* JRLPSwizzle.m */; };
		4D63E73023B3E62900D0765F /* Log.m in Sources */ = {isa = PBXBuildFile; fileRef = 4D63E72D23B3E62900D0765F /* Log.m */; };
		4D63E73123B3E62900D0765F /* ChillScreenPlugin.m in Sources */ = {isa = PBXBuildFile; fileRef = 4D63E72E23B3E62900D0765F /* ChillScreenPlugin.m */; };
		4DF9E57323B3EDAE00BC888A /* ChillScreen.mailbundle in CopyFiles */ = {isa = PBXBuildFile; fileRef = 4D63E72023B3E31200D0765F /* ChillScreen.mailbundle */; };
		4DF9E57C23B3EFBA00BC888A /* ChillScreenPlugin.m in Sources */ = {isa = PBXBuildFile; fileRef = 4D63E72E23B3E62900D0765F /* ChillScreenPlugin.m */; };
		4DF9E57D23B3EFBA00BC888A /* Log.m in Sources */ = {isa = PBXBuildFile; fileRef = 4D63E72D23B3E62900D0765F /* Log.m */; };
		4DF9E57E23B3EFBA00BC888A /* JRLPSwizzle.m in Sources */ = {isa = PBXBuildFile; fileRef = 4D63E72A23B3E62900D0765F /* JRLPSwizzle.m */; };
/* End PBXBuildFile section */

/* Begin PBXCopyFilesBuildPhase section */
		4DF9E57223B3ED9600BC888A /* CopyFiles */ = {
			isa = PBXCopyFilesBuildPhase;
			buildActionMask = 2147483647;
			dstPath = "$(HOME)/Library/Mail/Bundles";
			dstSubfolderSpec = 0;
			files = (
				4DF9E57323B3EDAE00BC888A /* ChillScreen.mailbundle in CopyFiles */,
			);
			runOnlyForDeploymentPostprocessing = 0;
		};
/* End PBXCopyFilesBuildPhase section */

/* Begin PBXFileReference section */
		4D63E72023B3E31200D0765F /* ChillScreen.mailbundle */ = {isa = PBXFileReference; explicitFileType = wrapper.cfbundle; includeInIndex = 0; path = ChillScreen.mailbundle; sourceTree = BUILT_PRODUCTS_DIR; };
		4D63E72323B3E31200D0765F /* Info.plist */ = {isa = PBXFileReference; lastKnownFileType = text.plist.xml; path = Info.plist; sourceTree = "<group>"; };
		4D63E72923B3E62900D0765F /* Log.h */ = {isa = PBXFileReference; fileEncoding = 4; lastKnownFileType = sourcecode.c.h; path = Log.h; sourceTree = "<group>"; };
		4D63E72A23B3E62900D0765F /* JRLPSwizzle.m */ = {isa = PBXFileReference; fileEncoding = 4; lastKnownFileType = sourcecode.c.objc; path = JRLPSwizzle.m; sourceTree = "<group>"; };
		4D63E72B23B3E62900D0765F /* JRLPSwizzle.h */ = {isa = PBXFileReference; fileEncoding = 4; lastKnownFileType = sourcecode.c.h; path = JRLPSwizzle.h; sourceTree = "<group>"; };
		4D63E72C23B3E62900D0765F /* ChillScreenPlugin.h */ = {isa = PBXFileReference; fileEncoding = 4; lastKnownFileType = sourcecode.c.h; path = ChillScreenPlugin.h; sourceTree = "<group>"; };
		4D63E72D23B3E62900D0765F /* Log.m */ = {isa = PBXFileReference; fileEncoding = 4; lastKnownFileType = sourcecode.c.objc; path = Log.m; sourceTree = "<group>"; };
		4D63E72E23B3E62900D0765F /* ChillScreenPlugin.m */ = {isa = PBXFileReference; fileEncoding = 4; lastKnownFileType = sourcecode.c.objc; path = ChillScreenPlugin.m; sourceTree = "<group>"; };
		4DF9E58423B3EFBA00BC888A /* ChillScreen.mailbundle */ = {isa = PBXFileReference; explicitFileType = wrapper.cfbundle; includeInIndex = 0; path = ChillScreen.mailbundle; sourceTree = BUILT_PRODUCTS_DIR; };
/* End PBXFileReference section */

/* Begin PBXGroup section */
		4D63E71723B3E31200D0765F = {
			isa = PBXGroup;
			children = (
				4D63E72223B3E31200D0765F /* ChillScreen */,
				4D63E72123B3E31200D0765F /* Products */,
			);
			sourceTree = "<group>";
		};
		4D63E72123B3E31200D0765F /* Products */ = {
			isa = PBXGroup;
			children = (
				4D63E72023B3E31200D0765F /* ChillScreen.mailbundle */,
				4DF9E58423B3EFBA00BC888A /* ChillScreen.mailbundle */,
			);
			name = Products;
			sourceTree = "<group>";
		};
		4D63E72223B3E31200D0765F /* ChillScreen */ = {
			isa = PBXGroup;
			children = (
				4D63E72C23B3E62900D0765F /* ChillScreenPlugin.h */,
				4D63E72E23B3E62900D0765F /* ChillScreenPlugin.m */,
				4D63E72B23B3E62900D0765F /* JRLPSwizzle.h */,
				4D63E72A23B3E62900D0765F /* JRLPSwizzle.m */,
				4D63E72923B3E62900D0765F /* Log.h */,
				4D63E72D23B3E62900D0765F /* Log.m */,
				4D63E72323B3E31200D0765F /* Info.plist */,
			);
			path = ChillScreen;
			sourceTree = "<group>";
		};
/* End PBXGroup section */

/* Begin PBXNativeTarget section */
		4D63E71F23B3E31200D0765F /* ChillScreen */ = {
			isa = PBXNativeTarget;
			buildConfigurationList = 4D63E72623B3E31200D0765F /* Build configuration list for PBXNativeTarget "ChillScreen" */;
			buildPhases = (
				4D63E71C23B3E31200D0765F /* Sources */,
				4DF9E57223B3ED9600BC888A /* CopyFiles */,
			);
			buildRules = (
			);
			dependencies = (
			);
			name = ChillScreen;
			productName = ChillScreen;
			productReference = 4D63E72023B3E31200D0765F /* ChillScreen.mailbundle */;
			productType = "com.apple.product-type.bundle";
		};
		4DF9E57A23B3EFBA00BC888A /* GH Actions */ = {
			isa = PBXNativeTarget;
			buildConfigurationList = 4DF9E58123B3EFBA00BC888A /* Build configuration list for PBXNativeTarget "GH Actions" */;
			buildPhases = (
				4DF9E57B23B3EFBA00BC888A /* Sources */,
			);
			buildRules = (
			);
			dependencies = (
			);
			name = "GH Actions";
			productName = ChillScreen;
			productReference = 4DF9E58423B3EFBA00BC888A /* ChillScreen.mailbundle */;
			productType = "com.apple.product-type.bundle";
		};
/* End PBXNativeTarget section */

/* Begin PBXProject section */
		4D63E71823B3E31200D0765F /* Project object */ = {
			isa = PBXProject;
			attributes = {
				LastUpgradeCheck = 1130;
				ORGANIZATIONNAME = "Mark Matviiv";
				TargetAttributes = {
					4D63E71F23B3E31200D0765F = {
						CreatedOnToolsVersion = 11.3;
					};
				};
			};
			buildConfigurationList = 4D63E71B23B3E31200D0765F /* Build configuration list for PBXProject "ChillScreen" */;
			compatibilityVersion = "Xcode 9.3";
			developmentRegion = en;
			hasScannedForEncodings = 0;
			knownRegions = (
				en,
				Base,
			);
			mainGroup = 4D63E71723B3E31200D0765F;
			productRefGroup = 4D63E72123B3E31200D0765F /* Products */;
			projectDirPath = "";
			projectRoot = "";
			targets = (
				4D63E71F23B3E31200D0765F /* ChillScreen */,
				4DF9E57A23B3EFBA00BC888A /* GH Actions */,
			);
		};
/* End PBXProject section */

/* Begin PBXSourcesBuildPhase section */
		4D63E71C23B3E31200D0765F /* Sources */ = {
			isa = PBXSourcesBuildPhase;
			buildActionMask = 2147483647;
			files = (
				4D63E73123B3E62900D0765F /* ChillScreenPlugin.m in Sources */,
				4D63E73023B3E62900D0765F /* Log.m in Sources */,
				4D63E72F23B3E62900D0765F /* JRLPSwizzle.m in Sources */,
			);
			runOnlyForDeploymentPostprocessing = 0;
		};
		4DF9E57B23B3EFBA00BC888A /* Sources */ = {
			isa = PBXSourcesBuildPhase;
			buildActionMask = 2147483647;
			files = (
				4DF9E57C23B3EFBA00BC888A /* ChillScreenPlugin.m in Sources */,
				4DF9E57D23B3EFBA00BC888A /* Log.m in Sources */,
				4DF9E57E23B3EFBA00BC888A /* JRLPSwizzle.m in Sources */,
			);
			runOnlyForDeploymentPostprocessing = 0;
		};
/* End PBXSourcesBuildPhase section */

/* Begin XCBuildConfiguration section */
		4D63E72423B3E31200D0765F /* Debug */ = {
			isa = XCBuildConfiguration;
			buildSettings = {
				ALWAYS_SEARCH_USER_PATHS = NO;
				CLANG_ANALYZER_NONNULL = YES;
				CLANG_ANALYZER_NUMBER_OBJECT_CONVERSION = YES_AGGRESSIVE;
				CLANG_CXX_LANGUAGE_STANDARD = "gnu++14";
				CLANG_CXX_LIBRARY = "libc++";
				CLANG_ENABLE_MODULES = YES;
				CLANG_ENABLE_OBJC_ARC = YES;
				CLANG_ENABLE_OBJC_WEAK = YES;
				CLANG_WARN_BLOCK_CAPTURE_AUTORELEASING = YES;
				CLANG_WARN_BOOL_CONVERSION = YES;
				CLANG_WARN_COMMA = YES;
				CLANG_WARN_CONSTANT_CONVERSION = YES;
				CLANG_WARN_DEPRECATED_OBJC_IMPLEMENTATIONS = YES;
				CLANG_WARN_DIRECT_OBJC_ISA_USAGE = YES_ERROR;
				CLANG_WARN_DOCUMENTATION_COMMENTS = YES;
				CLANG_WARN_EMPTY_BODY = YES;
				CLANG_WARN_ENUM_CONVERSION = YES;
				CLANG_WARN_INFINITE_RECURSION = YES;
				CLANG_WARN_INT_CONVERSION = YES;
				CLANG_WARN_NON_LITERAL_NULL_CONVERSION = YES;
				CLANG_WARN_OBJC_IMPLICIT_RETAIN_SELF = YES;
				CLANG_WARN_OBJC_LITERAL_CONVERSION = YES;
				CLANG_WARN_OBJC_ROOT_CLASS = YES_ERROR;
				CLANG_WARN_RANGE_LOOP_ANALYSIS = YES;
				CLANG_WARN_STRICT_PROTOTYPES = YES;
				CLANG_WARN_SUSPICIOUS_MOVE = YES;
				CLANG_WARN_UNGUARDED_AVAILABILITY = YES_AGGRESSIVE;
				CLANG_WARN_UNREACHABLE_CODE = YES;
				CLANG_WARN__DUPLICATE_METHOD_MATCH = YES;
				COPY_PHASE_STRIP = NO;
				DEBUG_INFORMATION_FORMAT = dwarf;
				ENABLE_STRICT_OBJC_MSGSEND = YES;
				ENABLE_TESTABILITY = YES;
				GCC_C_LANGUAGE_STANDARD = gnu11;
				GCC_DYNAMIC_NO_PIC = NO;
				GCC_NO_COMMON_BLOCKS = YES;
				GCC_OPTIMIZATION_LEVEL = 0;
				GCC_PREPROCESSOR_DEFINITIONS = (
					"DEBUG=1",
					"$(inherited)",
				);
				GCC_WARN_64_TO_32_BIT_CONVERSION = YES;
				GCC_WARN_ABOUT_RETURN_TYPE = YES_ERROR;
				GCC_WARN_UNDECLARED_SELECTOR = YES;
				GCC_WARN_UNINITIALIZED_AUTOS = YES_AGGRESSIVE;
				GCC_WARN_UNUSED_FUNCTION = YES;
				GCC_WARN_UNUSED_VARIABLE = YES;
				INFOPLIST_FILE = "$(SRCROOT)/ChillScreen/Info.plist";
				MACOSX_DEPLOYMENT_TARGET = 10.15;
				MTL_ENABLE_DEBUG_INFO = INCLUDE_SOURCE;
				MTL_FAST_MATH = YES;
				ONLY_ACTIVE_ARCH = YES;
				PRODUCT_NAME = ChillScreen;
				SDKROOT = macosx;
				INSTALL_PATH = "$(LOCAL_LIBRARY_DIR)/Bundles";
				SKIP_INSTALL = YES;
				PRODUCT_BUNDLE_IDENTIFIER = com.ChillScreen;
			};
			name = Debug;
		};
		4D63E72523B3E31200D0765F /* Release */ = {
			isa = XCBuildConfiguration;
			buildSettings = {
				ALWAYS_SEARCH_USER_PATHS = NO;
				CLANG_ANALYZER_NONNULL = YES;
				CLANG_ANALYZER_NUMBER_OBJECT_CONVERSION = YES_AGGRESSIVE;
				CLANG_CXX_LANGUAGE_STANDARD = "gnu++14";
				CLANG_CXX_LIBRARY = "libc++";
				CLANG_ENABLE_MODULES = YES;
				CLANG_ENABLE_OBJC_ARC = YES;
				CLANG_ENABLE_OBJC_WEAK = YES;
				CLANG_WARN_BLOCK_CAPTURE_AUTORELEASING = YES;
				CLANG_WARN_BOOL_CONVERSION = YES;
				CLANG_WARN_COMMA = YES;
				CLANG_WARN_CONSTANT_CONVERSION = YES;
				CLANG_WARN_DEPRECATED_OBJC_IMPLEMENTATIONS = YES;
				CLANG_WARN_DIRECT_OBJC_ISA_USAGE = YES_ERROR;
				CLANG_WARN_DOCUMENTATION_COMMENTS = YES;
				CLANG_WARN_EMPTY_BODY = YES;
				CLANG_WARN_ENUM_CONVERSION = YES;
				CLANG_WARN_INFINITE_RECURSION = YES;
				CLANG_WARN_INT_CONVERSION = YES;
				CLANG_WARN_NON_LITERAL_NULL_CONVERSION = YES;
				CLANG_WARN_OBJC_IMPLICIT_RETAIN_SELF = YES;
				CLANG_WARN_OBJC_LITERAL_CONVERSION = YES;
				CLANG_WARN_OBJC_ROOT_CLASS = YES_ERROR;
				CLANG_WARN_RANGE_LOOP_ANALYSIS = YES;
				CLANG_WARN_STRICT_PROTOTYPES = YES;
				CLANG_WARN_SUSPICIOUS_MOVE = YES;
				CLANG_WARN_UNGUARDED_AVAILABILITY = YES_AGGRESSIVE;
				CLANG_WARN_UNREACHABLE_CODE = YES;
				CLANG_WARN__DUPLICATE_METHOD_MATCH = YES;
				COPY_PHASE_STRIP = NO;
				DEBUG_INFORMATION_FORMAT = "dwarf-with-dsym";
				ENABLE_NS_ASSERTIONS = NO;
				ENABLE_STRICT_OBJC_MSGSEND = YES;
				GCC_C_LANGUAGE_STANDARD = gnu11;
				GCC_NO_COMMON_BLOCKS = YES;
				GCC_WARN_64_TO_32_BIT_CONVERSION = YES;
				GCC_WARN_ABOUT_RETURN_TYPE = YES_ERROR;
				GCC_WARN_UNDECLARED_SELECTOR = YES;
				GCC_WARN_UNINITIALIZED_AUTOS = YES_AGGRESSIVE;
				GCC_WARN_UNUSED_FUNCTION = YES;
				GCC_WARN_UNUSED_VARIABLE = YES;
				INFOPLIST_FILE = "$(SRCROOT)/ChillScreen/Info.plist";
				MACOSX_DEPLOYMENT_TARGET = 10.15;
				MTL_ENABLE_DEBUG_INFO = NO;
				MTL_FAST_MATH = YES;
				PRODUCT_NAME = ChillScreen;
				SDKROOT = macosx;
				INSTALL_PATH = "$(LOCAL_LIBRARY_DIR)/Bundles";
				SKIP_INSTALL = YES;
				PRODUCT_BUNDLE_IDENTIFIER = com.ChillScreen;
			};
			name = Release;
		};
		4D63E72723B3E31200D0765F /* Debug */ = {
			isa = XCBuildConfiguration;
			buildSettings = {
				GCC_PREPROCESSOR_DEFINITIONS = (
					"CHILLSCREEN_VERSION=\\@\\\"local_build\\\"",
					"DEBUG=1",
				);
				WRAPPER_EXTENSION = mailbundle;
			};
			name = Debug;
		};
		4DF9E58323B3EFBA00BC888A /* Release */ = {
			isa = XCBuildConfiguration;
			buildSettings = {
				WRAPPER_EXTENSION = mailbundle;
			};
			name = Release;
		};
/* End XCBuildConfiguration section */

/* Begin XCConfigurationList section */
		4D63E71B23B3E31200D0765F /* Build configuration list for PBXProject "ChillScreen" */ = {
			isa = XCConfigurationList;
			buildConfigurations = (
				4D63E72423B3E31200D0765F /* Debug */,
				4D63E72523B3E31200D0765F /* Release */,
			);
			defaultConfigurationIsVisible = 0;
			defaultConfigurationName = Release;
		};
		4D63E72623B3E31200D0765F /* Build configuration list for PBXNativeTarget "ChillScreen" */ = {
			isa = XCConfigurationList;
			buildConfigurations = (
				4D63E72723B3E31200D0765F /* Debug */,
			);
			defaultConfigurationIsVisible = 0;
			defaultConfigurationName = Debug;
		};
		4DF9E58123B3EFBA00BC888A /* Build configuration list for PBXNativeTarget "GH Actions" */ = {
			isa = XCConfigurationList;
			buildConfigurations = (
				4DF9E58323B3EFBA00BC888A /* Release */,
			);
			defaultConfigurationIsVisible = 0;
			defaultConfigurationName = Release;
		};
/* End XCConfigurationList section */
	};
	rootObject = 4D63E71823B3E31200D0765F /* Project object */;
}
